
Microsoft Visual Studio Solution File, Format Version 11.00
# Visual Studio 2010
Project("{FAE04EC0-301F-11D3-BF4B-00C04F79EFBC}") = "Launcher", "Launcher\Launcher.csproj", "{4BB79F86-5DF8-4812-93DC-12DFE4E713F1}"
EndProject
Global
	GlobalSection(SolutionConfigurationPlatforms) = preSolution
		Debug|x86 = Debug|x86
		Release|x86 = Release|x86
	EndGlobalSection
	GlobalSection(ProjectConfigurationPlatforms) = postSolution
		{4BB79F86-5DF8-4812-93DC-12DFE4E713F1}.Debug|x86.ActiveCfg = Debug|x86
		{4BB79F86-5DF8-4812-93DC-12DFE4E713F1}.Debug|x86.Build.0 = Debug|x86
		{4BB79F86-5DF8-4812-93DC-12DFE4E713F1}.Release|x86.ActiveCfg = Release|x86
		{4BB79F86-5DF8-4812-93DC-12DFE4E713F1}.Release|x86.Build.0 = Release|x86
	EndGlobalSection
	GlobalSection(SolutionProperties) = preSolution
		HideSolutionNode = FALSE
	EndGlobalSection
EndGlobal
